
Microsoft Visual Studio Solution File, Format Version 12.00
Project("{FAE04EC0-301F-11D3-BF4B-00C04F79EFBC}") = "TaskManagerTest", "TaskManagerTest.csproj", "{530726C0-CE7D-45E1-A3AB-11973CAC94DD}"
EndProject
Global
	GlobalSection(SolutionConfigurationPlatforms) = preSolution
		Debug|Any CPU = Debug|Any CPU
		Release|Any CPU = Release|Any CPU
	EndGlobalSection
	GlobalSection(ProjectConfigurationPlatforms) = postSolution
		{530726C0-CE7D-45E1-A3AB-11973CAC94DD}.Debug|Any CPU.ActiveCfg = Debug|Any CPU
		{530726C0-CE7D-45E1-A3AB-11973CAC94DD}.Debug|Any CPU.Build.0 = Debug|Any CPU
		{530726C0-CE7D-45E1-A3AB-11973CAC94DD}.Release|Any CPU.ActiveCfg = Release|Any CPU
		{530726C0-CE7D-45E1-A3AB-11973CAC94DD}.Release|Any CPU.Build.0 = Release|Any CPU
	EndGlobalSection
EndGlobal
